// !$*UTF8*$!
{
	archiveVersion = 1;
	classes = {
	};
	objectVersion = 56;
	objects = {

/* Begin PBXBuildFile section */
		AA000001 /* MusicWidgetsApp.swift in Sources */ = {isa = PBXBuildFile; fileRef = AA000011 /* MusicWidgetsApp.swift */; };
		AA000002 /* ContentView.swift in Sources */ = {isa = PBXBuildFile; fileRef = AA000012 /* ContentView.swift */; };
		AA000003 /* Assets.xcassets in Resources */ = {isa = PBXBuildFile; fileRef = AA000013 /* Assets.xcassets */; };
		AA000400 /* PrivacyInfo.xcprivacy in Resources */ = {isa = PBXBuildFile; fileRef = AA000401 /* PrivacyInfo.xcprivacy */; };
		AA000101 /* VinylWidgetView.swift in Sources */ = {isa = PBXBuildFile; fileRef = AA000111 /* VinylWidgetView.swift */; };
		AA000102 /* NowPlayingInfo.swift in Sources */ = {isa = PBXBuildFile; fileRef = AA000112 /* NowPlayingInfo.swift */; };
		AA000103 /* MusicDetector.swift in Sources */ = {isa = PBXBuildFile; fileRef = AA000113 /* MusicDetector.swift */; };
		AA000104 /* AlbumArtFetcher.swift in Sources */ = {isa = PBXBuildFile; fileRef = AA000114 /* AlbumArtFetcher.swift */; };
		AA000105 /* ColourExtractor.swift in Sources */ = {isa = PBXBuildFile; fileRef = AA000115 /* ColourExtractor.swift */; };
		AA000700 /* CustomColor.swift in Sources */ = {isa = PBXBuildFile; fileRef = AA000701 /* CustomColor.swift */; };
		AA000702 /* HSVColorPickerView.swift in Sources */ = {isa = PBXBuildFile; fileRef = AA000703 /* HSVColorPickerView.swift */; };
		AA000704 /* DesignSystem.swift in Sources */ = {isa = PBXBuildFile; fileRef = AA000705 /* DesignSystem.swift */; };
		AA000708 /* DesktopWidgetView.swift in Sources */ = {isa = PBXBuildFile; fileRef = AA000709 /* DesktopWidgetView.swift */; };
		AA000106 /* WidgetWindow.swift in Sources */ = {isa = PBXBuildFile; fileRef = AA000116 /* WidgetWindow.swift */; };
		AA000107 /* WidgetTheme.swift in Sources */ = {isa = PBXBuildFile; fileRef = AA000117 /* WidgetTheme.swift */; };
		AA000108 /* SongSwitchAnimator.swift in Sources */ = {isa = PBXBuildFile; fileRef = AA000118 /* SongSwitchAnimator.swift */; };
		AA000109 /* VinylSleeveView.swift in Sources */ = {isa = PBXBuildFile; fileRef = AA000119 /* VinylSleeveView.swift */; };
		AA000110 /* WidgetLandingAnimator.swift in Sources */ = {isa = PBXBuildFile; fileRef = AA000120 /* WidgetLandingAnimator.swift */; };
		AA000200 /* QueueTrack.swift in Sources */ = {isa = PBXBuildFile; fileRef = AA000201 /* QueueTrack.swift */; };
		AA000124 /* AppleMusicLocalQueueProvider.swift in Sources */ = {isa = PBXBuildFile; fileRef = AA000134 /* AppleMusicLocalQueueProvider.swift */; };
		AA000129 /* LaunchOnStartupManager.swift in Sources */ = {isa = PBXBuildFile; fileRef = AA000139 /* LaunchOnStartupManager.swift */; };
		AA000130 /* StartupToggleStyle.swift in Sources */ = {isa = PBXBuildFile; fileRef = AA000140 /* StartupToggleStyle.swift */; };
		AA000141 /* StatusMenuHeaderView.swift in Sources */ = {isa = PBXBuildFile; fileRef = AA000142 /* StatusMenuHeaderView.swift */; };
		AA000143 /* AppDelegate.swift in Sources */ = {isa = PBXBuildFile; fileRef = AA000144 /* AppDelegate.swift */; };
		AA000145 /* VinylSettings.swift in Sources */ = {isa = PBXBuildFile; fileRef = AA000146 /* VinylSettings.swift */; };
		AA000147 /* CDWidgetView.swift in Sources */ = {isa = PBXBuildFile; fileRef = AA000148 /* CDWidgetView.swift */; };
		AA000151 /* OnboardingView.swift in Sources */ = {isa = PBXBuildFile; fileRef = AA000152 /* OnboardingView.swift */; };
		AA000500 /* AlbumArtWidgetView.swift in Sources */ = {isa = PBXBuildFile; fileRef = AA000501 /* AlbumArtWidgetView.swift */; };
		AA000600 /* VinylHorizontalWidgetView.swift in Sources */ = {isa = PBXBuildFile; fileRef = AA000601 /* VinylHorizontalWidgetView.swift */; };
/* End PBXBuildFile section */

/* Begin PBXFileReference section */
		AA000010 /* MusicWidgets.app */ = {isa = PBXFileReference; explicitFileType = wrapper.application; includeInIndex = 0; path = MusicWidgets.app; sourceTree = BUILT_PRODUCTS_DIR; };
		AA000011 /* MusicWidgetsApp.swift */ = {isa = PBXFileReference; lastKnownFileType = sourcecode.swift; path = MusicWidgetsApp.swift; sourceTree = "<group>"; };
		AA000012 /* ContentView.swift */ = {isa = PBXFileReference; lastKnownFileType = sourcecode.swift; path = ContentView.swift; sourceTree = "<group>"; };
		AA000013 /* Assets.xcassets */ = {isa = PBXFileReference; lastKnownFileType = folder.assetcatalog; path = Assets.xcassets; sourceTree = "<group>"; };
		AA000014 /* Info.plist */ = {isa = PBXFileReference; lastKnownFileType = text.plist.xml; path = Info.plist; sourceTree = "<group>"; };
		AA000401 /* PrivacyInfo.xcprivacy */ = {isa = PBXFileReference; lastKnownFileType = text.plist.xml; path = PrivacyInfo.xcprivacy; sourceTree = "<group>"; };
		AA000111 /* VinylWidgetView.swift */ = {isa = PBXFileReference; lastKnownFileType = sourcecode.swift; path = VinylWidgetView.swift; sourceTree = "<group>"; };
		AA000112 /* NowPlayingInfo.swift */ = {isa = PBXFileReference; lastKnownFileType = sourcecode.swift; path = NowPlayingInfo.swift; sourceTree = "<group>"; };
		AA000113 /* MusicDetector.swift */ = {isa = PBXFileReference; lastKnownFileType = sourcecode.swift; path = MusicDetector.swift; sourceTree = "<group>"; };
		AA000114 /* AlbumArtFetcher.swift */ = {isa = PBXFileReference; lastKnownFileType = sourcecode.swift; path = AlbumArtFetcher.swift; sourceTree = "<group>"; };
		AA000115 /* ColourExtractor.swift */ = {isa = PBXFileReference; lastKnownFileType = sourcecode.swift; path = ColourExtractor.swift; sourceTree = "<group>"; };
		AA000701 /* CustomColor.swift */ = {isa = PBXFileReference; lastKnownFileType = sourcecode.swift; path = CustomColor.swift; sourceTree = "<group>"; };
		AA000703 /* HSVColorPickerView.swift */ = {isa = PBXFileReference; lastKnownFileType = sourcecode.swift; path = HSVColorPickerView.swift; sourceTree = "<group>"; };
		AA000705 /* DesignSystem.swift */ = {isa = PBXFileReference; lastKnownFileType = sourcecode.swift; path = DesignSystem.swift; sourceTree = "<group>"; };
		AA000709 /* DesktopWidgetView.swift */ = {isa = PBXFileReference; lastKnownFileType = sourcecode.swift; path = DesktopWidgetView.swift; sourceTree = "<group>"; };
		AA000116 /* WidgetWindow.swift */ = {isa = PBXFileReference; lastKnownFileType = sourcecode.swift; path = WidgetWindow.swift; sourceTree = "<group>"; };
		AA000117 /* WidgetTheme.swift */ = {isa = PBXFileReference; lastKnownFileType = sourcecode.swift; path = WidgetTheme.swift; sourceTree = "<group>"; };
		AA000118 /* SongSwitchAnimator.swift */ = {isa = PBXFileReference; lastKnownFileType = sourcecode.swift; path = SongSwitchAnimator.swift; sourceTree = "<group>"; };
		AA000119 /* VinylSleeveView.swift */ = {isa = PBXFileReference; lastKnownFileType = sourcecode.swift; path = VinylSleeveView.swift; sourceTree = "<group>"; };
		AA000120 /* WidgetLandingAnimator.swift */ = {isa = PBXFileReference; lastKnownFileType = sourcecode.swift; path = WidgetLandingAnimator.swift; sourceTree = "<group>"; };
		AA000201 /* QueueTrack.swift */ = {isa = PBXFileReference; lastKnownFileType = sourcecode.swift; path = QueueTrack.swift; sourceTree = "<group>"; };
		AA000134 /* AppleMusicLocalQueueProvider.swift */ = {isa = PBXFileReference; lastKnownFileType = sourcecode.swift; path = AppleMusicLocalQueueProvider.swift; sourceTree = "<group>"; };
		AA000139 /* LaunchOnStartupManager.swift */ = {isa = PBXFileReference; lastKnownFileType = sourcecode.swift; path = LaunchOnStartupManager.swift; sourceTree = "<group>"; };
		AA000140 /* StartupToggleStyle.swift */ = {isa = PBXFileReference; lastKnownFileType = sourcecode.swift; path = StartupToggleStyle.swift; sourceTree = "<group>"; };
		AA000142 /* StatusMenuHeaderView.swift */ = {isa = PBXFileReference; lastKnownFileType = sourcecode.swift; path = StatusMenuHeaderView.swift; sourceTree = "<group>"; };
		AA000144 /* AppDelegate.swift */ = {isa = PBXFileReference; lastKnownFileType = sourcecode.swift; path = AppDelegate.swift; sourceTree = "<group>"; };
		AA000146 /* VinylSettings.swift */ = {isa = PBXFileReference; lastKnownFileType = sourcecode.swift; path = VinylSettings.swift; sourceTree = "<group>"; };
		AA000148 /* CDWidgetView.swift */ = {isa = PBXFileReference; lastKnownFileType = sourcecode.swift; path = CDWidgetView.swift; sourceTree = "<group>"; };
		AA000152 /* OnboardingView.swift */ = {isa = PBXFileReference; lastKnownFileType = sourcecode.swift; path = OnboardingView.swift; sourceTree = "<group>"; };
		AA000501 /* AlbumArtWidgetView.swift */ = {isa = PBXFileReference; lastKnownFileType = sourcecode.swift; path = AlbumArtWidgetView.swift; sourceTree = "<group>"; };
		AA000601 /* VinylHorizontalWidgetView.swift */ = {isa = PBXFileReference; lastKnownFileType = sourcecode.swift; path = VinylHorizontalWidgetView.swift; sourceTree = "<group>"; };
/* End PBXFileReference section */

/* Begin PBXFrameworksBuildPhase section */
		AA000020 /* Frameworks */ = {
			isa = PBXFrameworksBuildPhase;
			buildActionMask = 2147483647;
			files = (
			);
			runOnlyForDeploymentPostprocessing = 0;
		};
/* End PBXFrameworksBuildPhase section */

/* Begin PBXGroup section */
		AA000030 /* MusicWidgets */ = {
			isa = PBXGroup;
			children = (
				AA000011 /* MusicWidgetsApp.swift */,
				AA000012 /* ContentView.swift */,
				AA000111 /* VinylWidgetView.swift */,
				AA000112 /* NowPlayingInfo.swift */,
				AA000113 /* MusicDetector.swift */,
				AA000114 /* AlbumArtFetcher.swift */,
				AA000115 /* ColourExtractor.swift */,
				AA000701 /* CustomColor.swift */,
				AA000703 /* HSVColorPickerView.swift */,
				AA000705 /* DesignSystem.swift */,
				AA000709 /* DesktopWidgetView.swift */,
				AA000116 /* WidgetWindow.swift */,
				AA000117 /* WidgetTheme.swift */,
				AA000118 /* SongSwitchAnimator.swift */,
				AA000119 /* VinylSleeveView.swift */,
				AA000120 /* WidgetLandingAnimator.swift */,
				AA000201 /* QueueTrack.swift */,
				AA000134 /* AppleMusicLocalQueueProvider.swift */,
				AA000139 /* LaunchOnStartupManager.swift */,
				AA000140 /* StartupToggleStyle.swift */,
				AA000142 /* StatusMenuHeaderView.swift */,
				AA000144 /* AppDelegate.swift */,
				AA000146 /* VinylSettings.swift */,
				AA000148 /* CDWidgetView.swift */,
				AA000152 /* OnboardingView.swift */,
				AA000501 /* AlbumArtWidgetView.swift */,
				AA000601 /* VinylHorizontalWidgetView.swift */,
				AA000013 /* Assets.xcassets */,
				AA000014 /* Info.plist */,
				AA000401 /* PrivacyInfo.xcprivacy */,
			);
			path = MusicWidgets;
			sourceTree = "<group>";
		};
		AA000031 /* Products */ = {
			isa = PBXGroup;
			children = (
				AA000010 /* MusicWidgets.app */,
			);
			name = Products;
			sourceTree = "<group>";
		};
		AA000032 = {
			isa = PBXGroup;
			children = (
				AA000030 /* MusicWidgets */,
				AA000031 /* Products */,
			);
			sourceTree = "<group>";
		};
/* End PBXGroup section */

/* Begin PBXNativeTarget section */
		AA000040 /* MusicWidgets */ = {
			isa = PBXNativeTarget;
			buildConfigurationList = AA000060 /* Build configuration list for PBXNativeTarget "MusicWidgets" */;
			buildPhases = (
				AA000021 /* Sources */,
				AA000020 /* Frameworks */,
				AA000022 /* Resources */,
			);
			buildRules = (
			);
			dependencies = (
			);
			name = MusicWidgets;
			productName = MusicWidgets;
			productReference = AA000010 /* MusicWidgets.app */;
			productType = "com.apple.product-type.application";
		};
/* End PBXNativeTarget section */

/* Begin PBXProject section */
		AA000050 /* Project object */ = {
			isa = PBXProject;
			attributes = {
				BuildIndependentTargetsInParallel = 1;
				LastSwiftUpdateCheck = 1540;
				LastUpgradeCheck = 2700;
				TargetAttributes = {
					AA000040 = {
						CreatedOnToolsVersion = 15.4;
					};
				};
			};
			buildConfigurationList = AA000061 /* Build configuration list for PBXProject "MusicWidgets" */;
			compatibilityVersion = "Xcode 14.0";
			developmentRegion = en;
			hasScannedForEncodings = 0;
			knownRegions = (
				en,
				Base,
			);
			mainGroup = AA000032;
			productRefGroup = AA000031 /* Products */;
			projectDirPath = "";
			projectRoot = "";
			targets = (
				AA000040 /* MusicWidgets */,
			);
		};
/* End PBXProject section */

/* Begin PBXResourcesBuildPhase section */
		AA000022 /* Resources */ = {
			isa = PBXResourcesBuildPhase;
			buildActionMask = 2147483647;
			files = (
				AA000003 /* Assets.xcassets in Resources */,
				AA000400 /* PrivacyInfo.xcprivacy in Resources */,
			);
			runOnlyForDeploymentPostprocessing = 0;
		};
/* End PBXResourcesBuildPhase section */

/* Begin PBXSourcesBuildPhase section */
		AA000021 /* Sources */ = {
			isa = PBXSourcesBuildPhase;
			buildActionMask = 2147483647;
			files = (
				AA000001 /* MusicWidgetsApp.swift in Sources */,
				AA000002 /* ContentView.swift in Sources */,
				AA000101 /* VinylWidgetView.swift in Sources */,
				AA000102 /* NowPlayingInfo.swift in Sources */,
				AA000103 /* MusicDetector.swift in Sources */,
				AA000104 /* AlbumArtFetcher.swift in Sources */,
				AA000105 /* ColourExtractor.swift in Sources */,
				AA000700 /* CustomColor.swift in Sources */,
				AA000702 /* HSVColorPickerView.swift in Sources */,
				AA000704 /* DesignSystem.swift in Sources */,
				AA000708 /* DesktopWidgetView.swift in Sources */,
				AA000106 /* WidgetWindow.swift in Sources */,
				AA000107 /* WidgetTheme.swift in Sources */,
				AA000108 /* SongSwitchAnimator.swift in Sources */,
				AA000109 /* VinylSleeveView.swift in Sources */,
				AA000110 /* WidgetLandingAnimator.swift in Sources */,
				AA000200 /* QueueTrack.swift in Sources */,
				AA000124 /* AppleMusicLocalQueueProvider.swift in Sources */,
				AA000129 /* LaunchOnStartupManager.swift in Sources */,
				AA000130 /* StartupToggleStyle.swift in Sources */,
				AA000141 /* StatusMenuHeaderView.swift in Sources */,
				AA000143 /* AppDelegate.swift in Sources */,
				AA000145 /* VinylSettings.swift in Sources */,
				AA000147 /* CDWidgetView.swift in Sources */,
				AA000151 /* OnboardingView.swift in Sources */,
				AA000500 /* AlbumArtWidgetView.swift in Sources */,
				AA000600 /* VinylHorizontalWidgetView.swift in Sources */,
			);
			runOnlyForDeploymentPostprocessing = 0;
		};
/* End PBXSourcesBuildPhase section */

/* Begin XCBuildConfiguration section */
		AA000070 /* Debug */ = {
			isa = XCBuildConfiguration;
			buildSettings = {
				ALWAYS_SEARCH_USER_PATHS = NO;
				ASSETCATALOG_COMPILER_APPICON_NAME = AppIcon;
				ASSETCATALOG_COMPILER_GLOBAL_ACCENT_COLOR_NAME = AccentColor;
				CODE_SIGN_ENTITLEMENTS = MusicWidgets/MusicWidgets.entitlements;
				CODE_SIGN_STYLE = Automatic;
				COMBINE_HIDPI_IMAGES = YES;
				CURRENT_PROJECT_VERSION = 1;
				DEAD_CODE_STRIPPING = YES;
				DEBUG_INFORMATION_FORMAT = dwarf;
				ENABLE_HARDENED_RUNTIME = YES;
				ENABLE_PREVIEWS = YES;
				GCC_C_LANGUAGE_STANDARD = gnu17;
				INFOPLIST_FILE = MusicWidgets/Info.plist;
				LD_RUNPATH_SEARCH_PATHS = (
					"$(inherited)",
					"@executable_path/../Frameworks",
				);
				MACOSX_DEPLOYMENT_TARGET = 14.0;
				MARKETING_VERSION = 1.0;
				PRODUCT_BUNDLE_IDENTIFIER = com.musicwidgets.app;
				PRODUCT_NAME = "$(TARGET_NAME)";
				SWIFT_EMIT_LOC_STRINGS = YES;
				SWIFT_VERSION = 5.0;
			};
			name = Debug;
		};
		AA000071 /* Release */ = {
			isa = XCBuildConfiguration;
			buildSettings = {
				ALWAYS_SEARCH_USER_PATHS = NO;
				ASSETCATALOG_COMPILER_APPICON_NAME = AppIcon;
				ASSETCATALOG_COMPILER_GLOBAL_ACCENT_COLOR_NAME = AccentColor;
				CODE_SIGN_ENTITLEMENTS = MusicWidgets/MusicWidgets.entitlements;
				CODE_SIGN_STYLE = Automatic;
				COMBINE_HIDPI_IMAGES = YES;
				CURRENT_PROJECT_VERSION = 1;
				DEAD_CODE_STRIPPING = YES;
				DEBUG_INFORMATION_FORMAT = "dwarf-with-dsym";
				ENABLE_HARDENED_RUNTIME = YES;
				GCC_C_LANGUAGE_STANDARD = gnu17;
				INFOPLIST_FILE = MusicWidgets/Info.plist;
				LD_RUNPATH_SEARCH_PATHS = (
					"$(inherited)",
					"@executable_path/../Frameworks",
				);
				MACOSX_DEPLOYMENT_TARGET = 14.0;
				MARKETING_VERSION = 1.0;
				PRODUCT_BUNDLE_IDENTIFIER = com.musicwidgets.app;
				PRODUCT_NAME = "$(TARGET_NAME)";
				SWIFT_EMIT_LOC_STRINGS = YES;
				SWIFT_VERSION = 5.0;
			};
			name = Release;
		};
		AA000300 /* Release-AppStore */ = {
			isa = XCBuildConfiguration;
			buildSettings = {
				ALWAYS_SEARCH_USER_PATHS = NO;
				ASSETCATALOG_COMPILER_APPICON_NAME = AppIcon;
				ASSETCATALOG_COMPILER_GLOBAL_ACCENT_COLOR_NAME = AccentColor;
				CODE_SIGN_ENTITLEMENTS = MusicWidgets/MusicWidgetsMAS.entitlements;
				CODE_SIGN_STYLE = Automatic;
				COMBINE_HIDPI_IMAGES = YES;
				CURRENT_PROJECT_VERSION = 1;
				DEAD_CODE_STRIPPING = YES;
				DEBUG_INFORMATION_FORMAT = "dwarf-with-dsym";
				ENABLE_HARDENED_RUNTIME = YES;
				GCC_C_LANGUAGE_STANDARD = gnu17;
				INFOPLIST_FILE = MusicWidgets/Info.plist;
				LD_RUNPATH_SEARCH_PATHS = (
					"$(inherited)",
					"@executable_path/../Frameworks",
				);
				MACOSX_DEPLOYMENT_TARGET = 14.0;
				MARKETING_VERSION = 1.0;
				PRODUCT_BUNDLE_IDENTIFIER = com.musicwidgets.app;
				PRODUCT_NAME = "$(TARGET_NAME)";
				SWIFT_EMIT_LOC_STRINGS = YES;
				SWIFT_VERSION = 5.0;
			};
			name = "Release-AppStore";
		};
		AA000072 /* Debug */ = {
			isa = XCBuildConfiguration;
			buildSettings = {
				ALWAYS_SEARCH_USER_PATHS = NO;
				CLANG_ANALYZER_NONNULL = YES;
				CLANG_ANALYZER_NUMBER_OBJECT_CONVERSION = YES_AGGRESSIVE;
				CLANG_CXX_LANGUAGE_STANDARD = "gnu++20";
				CLANG_ENABLE_MODULES = YES;
				CLANG_ENABLE_OBJC_ARC = YES;
				CLANG_ENABLE_OBJC_WEAK = YES;
				CLANG_WARN_BLOCK_CAPTURE_AUTORELEASING = YES;
				CLANG_WARN_BOOL_CONVERSION = YES;
				CLANG_WARN_COMMA = YES;
				CLANG_WARN_CONSTANT_CONVERSION = YES;
				CLANG_WARN_DEPRECATED_OBJC_IMPLEMENTATIONS = YES;
				CLANG_WARN_DIRECT_OBJC_ISA_USAGE = YES_ERROR;
				CLANG_WARN_DOCUMENTATION_COMMENTS = YES;
				CLANG_WARN_EMPTY_BODY = YES;
				CLANG_WARN_ENUM_CONVERSION = YES;
				CLANG_WARN_INFINITE_LOOPS = YES;
				CLANG_WARN_INFINITE_RECURSION = YES;
				CLANG_WARN_INT_CONVERSION = YES;
				CLANG_WARN_NON_LITERAL_NULL_CONVERSION = YES;
				CLANG_WARN_OBJC_IMPLICIT_RETAIN_CYCLES = YES;
				CLANG_WARN_OBJC_IMPLICIT_RETAIN_SELF = YES;
				CLANG_WARN_OBJC_LITERAL_CONVERSION = YES;
				CLANG_WARN_OBJC_ROOT_CLASS = YES_ERROR;
				CLANG_WARN_QUOTED_INCLUDE_IN_FRAMEWORK_HEADER = YES;
				CLANG_WARN_RANGE_LOOP_ANALYSIS = YES;
				CLANG_WARN_STRICT_PROTOTYPES = YES;
				CLANG_WARN_SUSPICIOUS_MOVE = YES;
				CLANG_WARN_UNGUARDED_AVAILABILITY = YES_AGGRESSIVE;
				CLANG_WARN_UNREACHABLE_CODE = YES;
				CLANG_WARN__DUPLICATE_METHOD_MATCH = YES;
				COPY_PHASE_STRIP = NO;
				DEAD_CODE_STRIPPING = YES;
				DEBUG_INFORMATION_FORMAT = dwarf;
				ENABLE_STRICT_OBJC_MSGSEND = YES;
				ENABLE_TESTABILITY = YES;
				ENABLE_USER_SCRIPT_SANDBOXING = YES;
				GCC_C_LANGUAGE_STANDARD = gnu17;
				GCC_DYNAMIC_NO_PIC = NO;
				GCC_NO_COMMON_BLOCKS = YES;
				GCC_OPTIMIZATION_LEVEL = 0;
				GCC_PREPROCESSOR_DEFINITIONS = (
					"DEBUG=1",
					"$(inherited)",
				);
				GCC_WARN_64_TO_32_BIT_CONVERSION = YES;
				GCC_WARN_ABOUT_RETURN_TYPE = YES_ERROR;
				GCC_WARN_UNDECLARED_SELECTOR = YES;
				GCC_WARN_UNINITIALIZED_AUTOS = YES_AGGRESSIVE;
				GCC_WARN_UNUSED_FUNCTION = YES;
				GCC_WARN_UNUSED_VARIABLE = YES;
				MACOSX_DEPLOYMENT_TARGET = 14.0;
				MTL_ENABLE_DEBUG_INFO = INCLUDE_SOURCE;
				MTL_FAST_MATH = YES;
				ONLY_ACTIVE_ARCH = YES;
				SDKROOT = macosx;
				STRING_CATALOG_GENERATE_SYMBOLS = YES;
				SWIFT_ACTIVE_COMPILATION_CONDITIONS = DEBUG;
				SWIFT_OPTIMIZATION_LEVEL = "-Onone";
			};
			name = Debug;
		};
		AA000073 /* Release */ = {
			isa = XCBuildConfiguration;
			buildSettings = {
				ALWAYS_SEARCH_USER_PATHS = NO;
				CLANG_ANALYZER_NONNULL = YES;
				CLANG_ANALYZER_NUMBER_OBJECT_CONVERSION = YES_AGGRESSIVE;
				CLANG_CXX_LANGUAGE_STANDARD = "gnu++20";
				CLANG_ENABLE_MODULES = YES;
				CLANG_ENABLE_OBJC_ARC = YES;
				CLANG_ENABLE_OBJC_WEAK = YES;
				CLANG_WARN_BLOCK_CAPTURE_AUTORELEASING = YES;
				CLANG_WARN_BOOL_CONVERSION = YES;
				CLANG_WARN_COMMA = YES;
				CLANG_WARN_CONSTANT_CONVERSION = YES;
				CLANG_WARN_DEPRECATED_OBJC_IMPLEMENTATIONS = YES;
				CLANG_WARN_DIRECT_OBJC_ISA_USAGE = YES_ERROR;
				CLANG_WARN_DOCUMENTATION_COMMENTS = YES;
				CLANG_WARN_EMPTY_BODY = YES;
				CLANG_WARN_ENUM_CONVERSION = YES;
				CLANG_WARN_INFINITE_LOOPS = YES;
				CLANG_WARN_INFINITE_RECURSION = YES;
				CLANG_WARN_INT_CONVERSION = YES;
				CLANG_WARN_NON_LITERAL_NULL_CONVERSION = YES;
				CLANG_WARN_OBJC_IMPLICIT_RETAIN_CYCLES = YES;
				CLANG_WARN_OBJC_IMPLICIT_RETAIN_SELF = YES;
				CLANG_WARN_OBJC_LITERAL_CONVERSION = YES;
				CLANG_WARN_OBJC_ROOT_CLASS = YES_ERROR;
				CLANG_WARN_QUOTED_INCLUDE_IN_FRAMEWORK_HEADER = YES;
				CLANG_WARN_RANGE_LOOP_ANALYSIS = YES;
				CLANG_WARN_STRICT_PROTOTYPES = YES;
				CLANG_WARN_SUSPICIOUS_MOVE = YES;
				CLANG_WARN_UNGUARDED_AVAILABILITY = YES_AGGRESSIVE;
				CLANG_WARN_UNREACHABLE_CODE = YES;
				CLANG_WARN__DUPLICATE_METHOD_MATCH = YES;
				COPY_PHASE_STRIP = NO;
				DEAD_CODE_STRIPPING = YES;
				DEBUG_INFORMATION_FORMAT = "dwarf-with-dsym";
				ENABLE_STRICT_OBJC_MSGSEND = YES;
				ENABLE_USER_SCRIPT_SANDBOXING = YES;
				GCC_C_LANGUAGE_STANDARD = gnu17;
				GCC_NO_COMMON_BLOCKS = YES;
				GCC_WARN_64_TO_32_BIT_CONVERSION = YES;
				GCC_WARN_ABOUT_RETURN_TYPE = YES_ERROR;
				GCC_WARN_UNDECLARED_SELECTOR = YES;
				GCC_WARN_UNINITIALIZED_AUTOS = YES_AGGRESSIVE;
				GCC_WARN_UNUSED_FUNCTION = YES;
				GCC_WARN_UNUSED_VARIABLE = YES;
				MACOSX_DEPLOYMENT_TARGET = 14.0;
				MTL_FAST_MATH = YES;
				SDKROOT = macosx;
				STRING_CATALOG_GENERATE_SYMBOLS = YES;
				SWIFT_COMPILATION_MODE = wholemodule;
				SWIFT_OPTIMIZATION_LEVEL = "-O";
			};
			name = Release;
		};
		AA000301 /* Release-AppStore */ = {
			isa = XCBuildConfiguration;
			buildSettings = {
				ALWAYS_SEARCH_USER_PATHS = NO;
				CLANG_ANALYZER_NONNULL = YES;
				CLANG_ANALYZER_NUMBER_OBJECT_CONVERSION = YES_AGGRESSIVE;
				CLANG_CXX_LANGUAGE_STANDARD = "gnu++20";
				CLANG_ENABLE_MODULES = YES;
				CLANG_ENABLE_OBJC_ARC = YES;
				CLANG_ENABLE_OBJC_WEAK = YES;
				CLANG_WARN_BLOCK_CAPTURE_AUTORELEASING = YES;
				CLANG_WARN_BOOL_CONVERSION = YES;
				CLANG_WARN_COMMA = YES;
				CLANG_WARN_CONSTANT_CONVERSION = YES;
				CLANG_WARN_DEPRECATED_OBJC_IMPLEMENTATIONS = YES;
				CLANG_WARN_DIRECT_OBJC_ISA_USAGE = YES_ERROR;
				CLANG_WARN_DOCUMENTATION_COMMENTS = YES;
				CLANG_WARN_EMPTY_BODY = YES;
				CLANG_WARN_ENUM_CONVERSION = YES;
				CLANG_WARN_INFINITE_LOOPS = YES;
				CLANG_WARN_INFINITE_RECURSION = YES;
				CLANG_WARN_INT_CONVERSION = YES;
				CLANG_WARN_NON_LITERAL_NULL_CONVERSION = YES;
				CLANG_WARN_OBJC_IMPLICIT_RETAIN_CYCLES = YES;
				CLANG_WARN_OBJC_IMPLICIT_RETAIN_SELF = YES;
				CLANG_WARN_OBJC_LITERAL_CONVERSION = YES;
				CLANG_WARN_OBJC_ROOT_CLASS = YES_ERROR;
				CLANG_WARN_QUOTED_INCLUDE_IN_FRAMEWORK_HEADER = YES;
				CLANG_WARN_RANGE_LOOP_ANALYSIS = YES;
				CLANG_WARN_STRICT_PROTOTYPES = YES;
				CLANG_WARN_SUSPICIOUS_MOVE = YES;
				CLANG_WARN_UNGUARDED_AVAILABILITY = YES_AGGRESSIVE;
				CLANG_WARN_UNREACHABLE_CODE = YES;
				CLANG_WARN__DUPLICATE_METHOD_MATCH = YES;
				COPY_PHASE_STRIP = NO;
				DEAD_CODE_STRIPPING = YES;
				DEBUG_INFORMATION_FORMAT = "dwarf-with-dsym";
				ENABLE_STRICT_OBJC_MSGSEND = YES;
				ENABLE_USER_SCRIPT_SANDBOXING = YES;
				GCC_C_LANGUAGE_STANDARD = gnu17;
				GCC_NO_COMMON_BLOCKS = YES;
				GCC_WARN_64_TO_32_BIT_CONVERSION = YES;
				GCC_WARN_ABOUT_RETURN_TYPE = YES_ERROR;
				GCC_WARN_UNDECLARED_SELECTOR = YES;
				GCC_WARN_UNINITIALIZED_AUTOS = YES_AGGRESSIVE;
				GCC_WARN_UNUSED_FUNCTION = YES;
				GCC_WARN_UNUSED_VARIABLE = YES;
				MACOSX_DEPLOYMENT_TARGET = 14.0;
				MTL_FAST_MATH = YES;
				SDKROOT = macosx;
				STRING_CATALOG_GENERATE_SYMBOLS = YES;
				SWIFT_COMPILATION_MODE = wholemodule;
				SWIFT_OPTIMIZATION_LEVEL = "-O";
			};
			name = "Release-AppStore";
		};
/* End XCBuildConfiguration section */

/* Begin XCConfigurationList section */
		AA000060 /* Build configuration list for PBXNativeTarget "MusicWidgets" */ = {
			isa = XCConfigurationList;
			buildConfigurations = (
				AA000070 /* Debug */,
				AA000071 /* Release */,
				AA000300 /* Release-AppStore */,
			);
			defaultConfigurationIsVisible = 0;
			defaultConfigurationName = Release;
		};
		AA000061 /* Build configuration list for PBXProject "MusicWidgets" */ = {
			isa = XCConfigurationList;
			buildConfigurations = (
				AA000072 /* Debug */,
				AA000073 /* Release */,
				AA000301 /* Release-AppStore */,
			);
			defaultConfigurationIsVisible = 0;
			defaultConfigurationName = Release;
		};
/* End XCConfigurationList section */
	};
	rootObject = AA000050 /* Project object */;
}
